
Microsoft Visual Studio Solution File, Format Version 12.00
# Visual Studio Version 17
VisualStudioVersion = 17.12.35506.116 d17.12
MinimumVisualStudioVersion = 10.0.40219.1
Project("{FAE04EC0-301F-11D3-BF4B-00C04F79EFBC}") = "KelvinWeather", "KelvinWeather\KelvinWeather.csproj", "{DDEF7984-2544-4351-8CA1-91C5A1CB4F6B}"
EndProject
Global
	GlobalSection(SolutionConfigurationPlatforms) = preSolution
		Debug|Any CPU = Debug|Any CPU
		Release|Any CPU = Release|Any CPU
	EndGlobalSection
	GlobalSection(ProjectConfigurationPlatforms) = postSolution
		{DDEF7984-2544-4351-8CA1-91C5A1CB4F6B}.Debug|Any CPU.ActiveCfg = Debug|Any CPU
		{DDEF7984-2544-4351-8CA1-91C5A1CB4F6B}.Debug|Any CPU.Build.0 = Debug|Any CPU
		{DDEF7984-2544-4351-8CA1-91C5A1CB4F6B}.Release|Any CPU.ActiveCfg = Release|Any CPU
		{DDEF7984-2544-4351-8CA1-91C5A1CB4F6B}.Release|Any CPU.Build.0 = Release|Any CPU
	EndGlobalSection
	GlobalSection(SolutionProperties) = preSolution
		HideSolutionNode = FALSE
	EndGlobalSection
EndGlobal
